version: 1
checksums:
  f742f3acb2f60de876515b602db2c1bb:
    Hello%20from%20Lingo.dev: e5c4880fef990edc98e20db92aff718d
  b16c0302facafaf8d990d85e67b84e75:
    "%E2%80%94": 7132b30ac6a17094853b52f4be559298
    "%25%40%20%E2%80%93%20%25%40": 784ce65e01a57827839da94d2694a700
    "%25%40%20%E2%80%A2%20%25%40": f16d0d6cfe0cd5eed36ef1d8fc739919
    "%25%40%20blocked": 94f8fbe22a575c68f06425bcac072edf
    "%25%40%20Wake-up%20alarm": 2f50a11d2cad2526e0f7a941ab115ad0
    "%25d%20other%20day%20already%20scheduled/one": 0c114f47967466073402ff580d637f47
    "%25d%20other%20day%20already%20scheduled/other": 609848d874fef3c76fe2e39a225c46f3
    "%25lld": 7ba3db343a150b1789fd64ac7b9aeac3
    About: 944521eeeed2511833d2299931273c71
    Access%20granted: 31f324c5ce01cd8cfced9126ea7c1a70
    Active%20days: c5e71269e1db009e10f3fe2519ff9f1e
    Add%20Alarm: cb3060530d5233cd15d9ba4794834214
    Add%20sleep%20routine: ab067cfd07a568fb1736f61b092bf2ad
    Add%20Sleep%20Routine: d84576f13279c4fde0b535392106ec94
    Add%20sleep%20routine%20for%20%25%40: e67d18e02e4665e9872752e6bdd5c198
    Add%20your%20sleep%20and%20wake%20times%20so%20SleepShield%20can%20build%20tonight's%20timeline.: 6308511fd45c7caffbe6e448eae12a56
    Alarm: 06a6faf228a12cbd0e330f6c451239bd
    Alarm%20%25lld: 889713c4fe70eed69403516bf6f9b5b4
    Alarm%20at%20%25%40: e6bb0c2d0c077f34253a4d069f6b7796
    Alarm%20at%20%25%40%2C%20%25%40: 93de3262688b3f0938e1d733204d08a0
    Alarm%20disabled: e33ef1b9ff0ab2fea6e757ea84eafa10
    Alarm%20time: 11832e4a408d515686bdda76f7f8972e
    alarmID: 58d937611c2b110d52afc375d1630a26
    Alarms: c10a5275bea08abc7d9562769e950454
    Allow%20Screen%20Time%20Access: 798a3063a117261d442f1b377d8c30ec
    Allow%20SleepShield%20Screen%20Time%20permission.: 6ba3fa9960365579b99b9d70202108c8
    Almost%20there: 151957d98ce9d4a1bb0158d6a83007ac
    Already%20scheduled%20on%20%25%40.: 1d83ee8f0564857c6b17b0f3e1c6fdff
    App%20Blocking: 7ea48ced38f66ccbb94532dcf8f80978
    App%20blocking%20is%20currently%20applied%20based%20on%20your%20sleep%20schedule.: 48ec9d62a6d4284af5b3571a19822df7
    Apps: 0426c2059983ee847070ad3273996938
    Apps%20quiet%20when%20your%20routine%20starts.: d8e7c7f76a23f9b08dc255a8e06d7f5e
    At%20time%20of%20sleep: 77d85b04b032c715ec09115d5267e50a
    At%20time%20of%20wake%20up: 1b39e2ba3eedf8cab25371111331e203
    Awaiting%20approval: d65feb0c376458aeee94edc96473d8db
    Bedtime: 48e79903010effaac5bf94fce23a9528
    Blocked: ffea6d9bc3ab8600d370f6f9c4b4836a
    Blocking%20Active: 399ed73d8fce2f86869e58f5a607ba71
    Blocking%20ends%20at%20%25%40: 4726072cd78a3a43d0e28d6c871b7805
    Blocking%20lifts%20at%20%25%40: 97537dbcdebf87713344618941edf039
    Blocking%20lifts%20right%20away: b5db3e45f90d64bde3614b8d9a643843
    Blocking%20starts%20at%20%25%40: 443239836cb7a0ad8c51858b2a4efb9d
    Blocking%20stays%20off%20before%20bed: 2c6b01837af620b7ea9d43526462aa9e
    Blocklist: 17845897553ffa9b8d09b57e295ed5c7
    Cancel: 2e2a849c2223911717de8caa2c71bade
    Categories: fd4e44f3b1b2bba9ca45f3aef963d042
    Choose%20apps%20and%20categories: 236db8fec447cb2390048bdb146a5ce9
    Choose%20what%20we%20keep%20quiet.: b9b9501dc312ea51d5c947be44b67956
    Come%20back%20after%2007%3A30: b87c3bc18e3fc812307958cd7c944742
    Contact%20Us: 2a75337dc9603915c4ec1d1905afb7b9
    Continue: 3cfba90b4600131e82fc4260c568d044
    Couldn't%20Complete%20Setup: 885d250451c6b3c59c64d2a256b5e580
    Create%20a%20routine%20to%20see%20it%20appear%20here.: e88fb465413a024717fd05a84f577c0c
    Create%20an%20alarm%20to%20build%20your%20sleep%20routine%20at%20Home%20Screen.: 630c2b11baab4c93b4286bdec5b6aaef
    Delete: 8bcf303dd10a645b5baacb02b47d72c9
    Delete%20Sleep%20Routine: cfc21c429409ffe3804ec5d4472eeb95
    Delete%20Sleep%20Routine%3F: 9239e20545444d62f65d4b59f094e433
    Disabled: 0889a3dfd914a7ef638611796b17bf72
    Edit%20Sleep%20Routine: a242b1217562cdcdda1144bfd3fae3db
    Enable%20Screen%20Time%20permission%20in%20Settings.: cb99ec7ecd0d2704fd70c8732051f96a
    Enabled%20at%20%25%40: d5207f2a6b924f1d14362be5089ee7a7
    Ends%20at%20%25%40: 577078e47d1f5dd2fbff92b14b2261c4
    Every%20day: d273d7f9c874e11b8c899c64bebef002
    Finishing...: b4e013bbfda7666bb5032e6545c3d28f
    Get%20Started: 1d5f030c4ec9c869e647ae060518b948
    Grant%20permission: db544f4d93847cc1d39a17d4b7d0655f
    Here%E2%80%99s%20the%20morning%20shift.: 96954d91baa7136459ca13d5bcfbdf89
    Hyper-productive%20morning: 4dde2a0cfc3b6745b20ab7474ae71069
    Late-night%20meme%20sprint: 6de7e1fa66ad84f85d7779aa1f0693fa
    Make%20sure%20these%20times%20look%20right%20before%20we%20continue.: 46f700aca1e804c690e122f63dd05ca2
    No%20alarm%20scheduled.%20You%20can%20add%20one%20later%20in%20Settings.: d33b24e78e66a98814a25cc000f132f0
    No%20alarms%20added: ef3399d77d4f6397239fa1aa38b22631
    No%20alarms%20yet: c8a157e9bc832f2da224bb557f768bf2
    No%20apps%20selected%20yet: 818cd39b3856bd520f87f8a52a77fbf8
    No%20days%20selected: 8e0bbd6ffecc1541e47dedb4afcba95d
    No%20sleep%20routines%20yet: a5d74d3ed7f78d4bcc9869958f36120b
    Not%20configured: 0addc2e673afaf2f2f53ef2d8ed6f29f
    Not%20selected: 99f4a49b8ce66c6a1bd7ecc01874b336
    Off: 7e33a70258401abe652c9f1b595fabda
    OK: e2d6579a83aba07c4180c21c5fe9893d
    One-time%20reminder: 88e31e7c23c33b81eba19e837c8bfb6f
    Open%20Settings: 8eaaab83f5a8c5e90df8322ecd5f25d6
    Optional%20%C2%B7%20matches%20wake-up%20time: 121a67c82d35a1b04b796619a757ec89
    Pause: 2d5bb31f91a5dedd5d24367ad5315a8e
    Permission%20needed: dea16cd57810f9af1bba4fa73a49560f
    Phone-free%20morning: 7de387b00e99795741072747a5301a2f
    Pick%20the%20apps%2C%20categories%2C%20or%20websites%20to%20keep%20quiet%20during%20your%20routine.: 3938dbb1eee10082260ba3340985c07f
    Please%20try%20again.: 346a18a54564881c888b95873d03df44
    Post-block: e8c82462249c6c6158a5e30f8fdb350c
    Post-wake%20blocking: 38fef5e0a14ae42a4fa25bfb1e4bdd12
    Post-Wake%20Blocking: 941440a52adcb91a8b1090b8ede71812
    Post-Wake%20Duration: 66687935fa41d3d6e49a2951b91de129
    Pre-block: b2759ef2552e1abc3ae737af5a368d91
    Pre-sleep%20blocking: 94e444ffe7adf27130c6f797b3fce5e8
    Pre-Sleep%20Blocking: 99c876e123d06495a0fcf8e2673d6899
    Pre-Sleep%20Duration: 0e8e81fbe5ca4309503c3b75bed7d388
    Pre-sleep%20restrictions%20and%20alarm%20overview: 3f621a4f522cb0be943cb51ae82cd6fb
    Remove%20alarm%20%25lld: 25d2b95439b73b131e2933b1a1c32559
    Repeat: 276fb78c3c42a2eb30d20743fced859b
    Repeat%20a%20countdown: 060f40de5a9205a98b9af874b04ec6cf
    Repeats%20weekly: 125b00367e7ad1c7418cd3592de43d73
    Requesting...: 3d07d152cdfb1ed10ab90331083b0e05
    Resume: cf8b3eb1ef66177869213433095d9136
    Review%20your%20wind-down%20plan.: 270cde580781c8092e97eab93146b51b
    Rings%20on%20your%20selected%20days.: 45cef61f666579cdfcb80d475810e44a
    Runs%20once: 6cfa39567b67b2fb2792ac4efe6ba57b
    Save%20Alarm: 8411b0d915603eade72b53fa8ae1f08a
    Scheduled%20Alarms: 02cb46fee85fec254633ebdc3d3fc439
    Screen%20Time%20Access%20Required: 760817906db7f80ab111b74acf23ada7
    Select%20at%20least%20one%20day%20to%20continue.: 3e975af7476a0a42fa5acffb8a3d0d44
    Selected: 9f09e059ba20c88ed34e2b4e8e032d56
    Set%20Up%20Sleep%20Routine: 46ec361b69143fa39532db91cb0af8af
    Settings: 8df6777277469c1fd88cc18dde2f1cc3
    Share%20with%20Friends: ac87851b13868d9bb065b06c929c9713
    Shorts%20%E2%80%A2%2012K%20watching: 624769983d2b7d997049fe0973f1c193
    Shorts%20%E2%80%A2%2048K%20views: e61256c8ee9820f4cb8c1f23eed09ebd
    Shorts%20%E2%80%A2%2081K%20likes: 23170d4d599b78ea2bc7b8fe37f02853
    Shorts%20%E2%80%A2%20Premiering%20now: 6e949e26056307069454e5b30c905677
    Shorts%20is%20blocked: bcfaf66de86b7b74b03f5b4ff4c62d96
    Skip%20for%20now: b8bf7f2b6e67a523dc4ff5ce009cdb72
    Sleep%20Routine: d6b20e31cb61242f44f37f82b98ce825
    Sleep%20routine%20from%20%25%40%20to%20%25%40: e0e610732e6bcd6b0c56052aa977843f
    Sleep%20Routines: 55018a4356e43b75af0292bd3e1033cc
    Sleep%20Time: 988c484b3ec6e3dc4e9a2ee69b349770
    SleepShield: 48b0e0ae7a98b48989035899c4e6ff2d
    SleepShield%20needs%20Screen%20Time%20permission%20to%20block%20your%20selected%20apps.: b98c7a45b995f1bbb03cf801b8c2244c
    Snooze: 0154af140c9a41e44ef3abd2b01ad207
    Spooky%20story%20in%2060s: 5d16d4ec9fe2465568d1e10326f5f73e
    SS: 11ae3060069686a7a454c4c4082d62f0
    Starts%20at%20%25%40: 457ae64649a5d3176745e0e2ef80ef13
    Status%20unavailable: 28c591e3e516d6300642617a66dd699d
    Stay%20Connected: 0c8180c5d230c26c660a0ea9af96f3b9
    Stop: 4c4b4d44708ba05fe8726cbc80122228
    Stop%20an%20alert: 4ca47128b717cf379df9738e8c4f8cf1
    Struggle%20to%20drift%20off%3F: 177f3249750b50e9f1328cba30f54dc4
    Tap%20to%20adjust: a80f2231c39217773ec1891de9837a6e
    This%20will%20remove%20the%20Routine%20and%20any%20associated%20alarms.: b9df08cdd55b29cf2c95337fe1d56fd3
    Time: b504a03d52e8001bfdc5cb6205364f42
    Timeline: 342b1e646f0634e47112092db1a24f49
    Tonight's%20Schedule: ce1d0d40a53c00b7f74f48af7e27bff5
    Top%205%20midnight%20snacks: 6dc9ae17c830e2dca7349163416f21fd
    Total: f60dc0a14e9b1bace656c644de25de5b
    Total%20duration%20%25%40: 24559dc1674137a5f81891c75eb9f347
    Turn%20Off%20Blocking%20today: c592a70a9a8d077217fda98834c72045
    Unable%20to%20Delete: 4adc92fc38c0b0e8e833ccabc749e6db
    Unable%20to%20Save: de82c5a046a74d3a03e3f2c6d6fb60bd
    Unable%20to%20Turn%20Off%20Blocking: 2fad39faca8cc684dbf37a5e6071c2e6
    Wake%20focused%20while%20we%20keep%20distractions%20silent.: 0989298cd2c65ead426477029090f61e
    Wake%20Time: 1e3d41b6b51d0344973713db96453d7d
    Wake%20up: 907ace47392b00244c3e625197426564
    Wake%20Up%20Snoozed: dc02e41eaa445565732303f4a0dfef53
    Wake%20with%20intention%20while%20we%20keep%20distracting%20apps%20snoozing.: 6d04a71a87c496700381a8ad6a14d6ec
    Wake-up: d1bf0fee702a62c3e2d12001d74dd122
    We%20couldn't%20finish%20saving%20your%20routine.%20Please%20try%20again.: b99ac274c8a4544ee8f62c396a6d8dec
    We%20couldn%E2%80%99t%20finish%20saving%20your%20routine.%20Please%20try%20again.: 7b5417b8b24027f97fcc784451101cd0
    We%20silence%20the%20scroll%20when%20bedtime%20hits.: cb9136d6ee38782b832bdf345ce4c3f5
    We%E2%80%99ll%20ring%20your%20alarm%20on%20the%20days%20your%20routine%20repeats.: 9821d898fea0ab4caf3da6caf2471307
    Web%20Domains: db147006f804d0431b486d6fb0653c8e
    Weekdays: e404f18549ae8bb12899bb859eb86f97
    Weekends: a059691a63a01833cf3e9fbde190292d
    When%20do%20you%20want%20to%20sleep%3F: ad2b7bf12070c4c293c1ae44eda70d18
    When%20do%20you%20want%20to%20wake%20up%3F: e08b6b182ab327d1f20fc59c0e9377b4
    Write%20a%20Review: f50d55de6bde1a1c367a018ecf2f8404
  7b41a51fc9eb9e8c02c51429b75d0fb7:
    "%25%40%20is%20blocked%20to%20help%20you%0Arest%20now%20and%20wake%20up%20energized": c6f1577833bb57d445fc64c263de049b
    OK: e2d6579a83aba07c4180c21c5fe9893d
    Sleep%20Well%2C%20Wake%20Refreshed: 310200bd8b2d0c0b7f4a5a57d9e96dd2
